DEPENDENCIES
  apache2
  ark (~> 1.0)
  build-essential (~> 3.0)
  chef_handler (< 2.0.0)
  clamav
  datadog (< 3.0.0)
  homebrew (~> 1.0)
  java (~> 1.39.0)
  mysql (~> 7.2)
  newrelic (< 2.27.0)
  nodejs
  ohai (~> 3.0)
  php (~> 1.10)
  solr_6
    git: https://github.com/dayspring-tech/chef-solr_6.git
    revision: da2bae980f853f7afec92e8d1b3f2b541f63fd58
    branch: chef-11
  varnish
    git: https://github.com/dayspring-tech/varnish.git
    revision: 5ad4102d39976009e4a2af6f2f22d2baa27d7e68
    branch: chef-11

GRAPH
  apache2 (3.3.0)
  apt (2.9.2)
  ark (1.2.0)
    build-essential (>= 0.0.0)
    seven_zip (>= 0.0.0)
    windows (>= 0.0.0)
  build-essential (3.2.0)
    seven_zip (>= 0.0.0)
  chef_handler (1.4.0)
  clamav (1.3.0)
    apt (~> 2.1)
    cron (~> 1.2)
    logrotate (~> 1.0)
    yum (~> 3.0)
    yum-epel (~> 0.2)
  compat_resource (12.19.0)
  cron (1.7.6)
  curl (2.0.4)
  datadog (2.20.1)
    apt (>= 0.0.0)
    chef_handler (>= 1.2)
    windows (>= 0.0.0)
    yum (>= 3.0)
  homebrew (1.13.0)
    build-essential (>= 2.1.2)
  iis (6.4.1)
    windows (>= 2.0)
  java (1.39.0)
    apt (>= 0.0.0)
  logrotate (1.9.2)
  mysql (7.2.0)
    smf (>= 0.0.0)
    yum-mysql-community (>= 0.0.0)
  newrelic (2.26.0)
    apt (>= 0.0.0)
    curl (>= 0.0.0)
    python (>= 0.0.0)
    yum (>= 0.0.0)
  nodejs (3.0.0)
    apt (>= 2.9.1)
    ark (>= 0.0.0)
    build-essential (>= 0.0.0)
    homebrew (>= 0.0.0)
    yum-epel (>= 0.0.0)
  ohai (3.0.1)
  php (1.10.1)
    build-essential (>= 0.0.0)
    iis (>= 0.0.0)
    mysql (>= 6.0.0)
    windows (>= 1.39.1)
    xml (>= 0.0.0)
    yum-epel (>= 0.0.0)
  python (1.4.6)
    build-essential (>= 0.0.0)
    yum-epel (>= 0.0.0)
  rbac (1.0.3)
  seven_zip (2.0.2)
    windows (>= 1.2.2)
  smf (2.2.8)
    rbac (>= 1.0.1)
  solr_6 (1.0.1)
    java (>= 0.0.0)
    yum (>= 0.0.0)
  varnish (1.0.3)
    apt (~> 2.4)
    build-essential (>= 0.0.0)
    yum (~> 3.0)
    yum-epel (>= 0.0.0)
  windows (2.0.2)
  xml (3.1.1)
    build-essential (>= 0.0.0)
  yum (3.13.0)
  yum-epel (0.7.1)
    yum (>= 3.6.3)
  yum-mysql-community (2.1.0)
    compat_resource (>= 12.16.3)
